version = 1
revision = 3
requires-python = ">=3.11"

[[package]]
name = "docurag-universal-document-intelligence-assistant"
version = "0.1.0"
source = { editable = "." }
dependencies = [
    { name = "python-multipart" },
]

[package.metadata]
requires-dist = [{ name = "python-multipart", specifier = ">=0.0.32" }]

[[package]]
name = "python-multipart"
version = "0.0.32"
source = { registry = "https://pypi.org/simple" }
sdist = { url = "https://files.pythonhosted.org/packages/5b/42/55c32bb9b12693c092ad250a0e82edb5b31ddeda6eb772de5f308b3804ad/python_multipart-0.0.32.tar.gz", hash = "sha256:be54b7f3fa167bb83e4fcd936b887b708f4e57fe75911c02aebf53efaf8d938e", size = 46881, upload-time = "2026-06-04T16:18:58.647Z" }
wheels = [
    { url = "https://files.pythonhosted.org/packages/e1/04/e8135ebd1ad02c56ec633277529b2602ff99ff634be76cdba5744cf554fd/python_multipart-0.0.32-py3-none-any.whl", hash = "sha256:ff6d3f776f16878c894e52e107296ffc890e913c611b1a4ec6c44e2821fe2e23", size = 30042, upload-time = "2026-06-04T16:18:57.319Z" },
]
